
Microsoft Visual Studio Solution File, Format Version 12.00
# Visual Studio Version 17
VisualStudioVersion = 17.2.32516.85
MinimumVisualStudioVersion = 10.0.40219.1
Project("{FAE04EC0-301F-11D3-BF4B-00C04F79EFBC}") = "sprmake2GUI", "sprmake2GUI\sprmake2GUI.csproj", "{117F2DBE-23C2-41BA-B3A0-8C52E7CE79A7}"
EndProject
Global
	GlobalSection(SolutionConfigurationPlatforms) = preSolution
		Debug|Any CPU = Debug|Any CPU
		Release|Any CPU = Release|Any CPU
	EndGlobalSection
	GlobalSection(ProjectConfigurationPlatforms) = postSolution
		{117F2DBE-23C2-41BA-B3A0-8C52E7CE79A7}.Debug|Any CPU.ActiveCfg = Debug|Any CPU
		{117F2DBE-23C2-41BA-B3A0-8C52E7CE79A7}.Debug|Any CPU.Build.0 = Debug|Any CPU
		{117F2DBE-23C2-41BA-B3A0-8C52E7CE79A7}.Release|Any CPU.ActiveCfg = Release|Any CPU
		{117F2DBE-23C2-41BA-B3A0-8C52E7CE79A7}.Release|Any CPU.Build.0 = Release|Any CPU
	EndGlobalSection
	GlobalSection(SolutionProperties) = preSolution
		HideSolutionNode = FALSE
	EndGlobalSection
	GlobalSection(ExtensibilityGlobals) = postSolution
		SolutionGuid = {FD1B564A-9F3C-4389-8D4D-D6EBCBB3759E}
	EndGlobalSection
EndGlobal
